
Microsoft Visual Studio Solution File, Format Version 12.00
# Visual Studio 15
VisualStudioVersion = 15.0.28307.271
MinimumVisualStudioVersion = 10.0.40219.1
Project("{9A19103F-16F7-4668-BE54-9A1E7A4F7556}") = "ConsoleApp", "ConsoleApp.csproj", "{A49B998F-9CEF-4C20-81BB-83E3AD91931E}"
EndProject
Global
	GlobalSection(SolutionConfigurationPlatforms) = preSolution
		Debug|Any CPU = Debug|Any CPU
		Release|Any CPU = Release|Any CPU
	EndGlobalSection
	GlobalSection(ProjectConfigurationPlatforms) = postSolution
		{A49B998F-9CEF-4C20-81BB-83E3AD91931E}.Debug|Any CPU.ActiveCfg = Debug|Any CPU
		{A49B998F-9CEF-4C20-81BB-83E3AD91931E}.Debug|Any CPU.Build.0 = Debug|Any CPU
		{A49B998F-9CEF-4C20-81BB-83E3AD91931E}.Release|Any CPU.ActiveCfg = Release|Any CPU
		{A49B998F-9CEF-4C20-81BB-83E3AD91931E}.Release|Any CPU.Build.0 = Release|Any CPU
	EndGlobalSection
	GlobalSection(SolutionProperties) = preSolution
		HideSolutionNode = FALSE
	EndGlobalSection
	GlobalSection(ExtensibilityGlobals) = postSolution
		SolutionGuid = {02551EB9-88DD-4DBD-ABC2-18AA9ED001CA}
	EndGlobalSection
EndGlobal
